
Microsoft Visual Studio Solution File, Format Version 12.00
# Visual Studio Version 17
VisualStudioVersion = 17.4.33213.308
MinimumVisualStudioVersion = 10.0.40219.1
Project("{F184B08F-C81C-45F6-A57F-5ABD9991F28F}") = "Snap", "Snap.vbproj", "{2C75CE74-A9C3-43C8-9903-3CA10C1E3171}"
EndProject
Global
	GlobalSection(SolutionConfigurationPlatforms) = preSolution
		Debug|Any CPU = Debug|Any CPU
		Release|Any CPU = Release|Any CPU
	EndGlobalSection
	GlobalSection(ProjectConfigurationPlatforms) = postSolution
		{2C75CE74-A9C3-43C8-9903-3CA10C1E3171}.Debug|Any CPU.ActiveCfg = Debug|Any CPU
		{2C75CE74-A9C3-43C8-9903-3CA10C1E3171}.Debug|Any CPU.Build.0 = Debug|Any CPU
		{2C75CE74-A9C3-43C8-9903-3CA10C1E3171}.Release|Any CPU.ActiveCfg = Release|Any CPU
		{2C75CE74-A9C3-43C8-9903-3CA10C1E3171}.Release|Any CPU.Build.0 = Release|Any CPU
	EndGlobalSection
	GlobalSection(SolutionProperties) = preSolution
		HideSolutionNode = FALSE
	EndGlobalSection
	GlobalSection(ExtensibilityGlobals) = postSolution
		SolutionGuid = {81A08EAB-0DE0-4FA3-90F8-DE8C21594E92}
	EndGlobalSection
EndGlobal
